
Microsoft Visual Studio Solution File, Format Version 12.00
Project("{FAE04EC0-301F-11D3-BF4B-00C04F79EFBC}") = "TemplateService", "TemplateService\TemplateService.csproj", "{9DC31875-3A1B-4D1B-914F-AB471FFB683B}"
EndProject
Global
	GlobalSection(SolutionConfigurationPlatforms) = preSolution
		Debug|Any CPU = Debug|Any CPU
		Release|Any CPU = Release|Any CPU
	EndGlobalSection
	GlobalSection(ProjectConfigurationPlatforms) = postSolution
		{9DC31875-3A1B-4D1B-914F-AB471FFB683B}.Debug|Any CPU.ActiveCfg = Debug|Any CPU
		{9DC31875-3A1B-4D1B-914F-AB471FFB683B}.Debug|Any CPU.Build.0 = Debug|Any CPU
		{9DC31875-3A1B-4D1B-914F-AB471FFB683B}.Release|Any CPU.ActiveCfg = Release|Any CPU
		{9DC31875-3A1B-4D1B-914F-AB471FFB683B}.Release|Any CPU.Build.0 = Release|Any CPU
	EndGlobalSection
EndGlobal
